
Microsoft Visual Studio Solution File, Format Version 12.00
# Visual Studio 15
VisualStudioVersion = 15.0.26430.14
MinimumVisualStudioVersion = 10.0.40219.1
Project("{FAE04EC0-301F-11D3-BF4B-00C04F79EFBC}") = "ConsoleTools", "ConsoleTools\ConsoleTools.csproj", "{03EFDE66-8A58-4287-AF9E-2E71830EECE9}"
EndProject
Project("{FAE04EC0-301F-11D3-BF4B-00C04F79EFBC}") = "ConsoleToolsManualTest", "ConsoleToolsManualTest\ConsoleToolsManualTest.csproj", "{FAD61E58-4FB1-40B1-9C69-4211C7CCD1D8}"
EndProject
Project("{FAE04EC0-301F-11D3-BF4B-00C04F79EFBC}") = "TextfileMenu", "TextfileMenu\TextfileMenu.csproj", "{853F472D-730D-43AF-A563-251FC0FEC88A}"
EndProject
Project("{FAE04EC0-301F-11D3-BF4B-00C04F79EFBC}") = "BitmapGenerator", "BitmapGenerator\BitmapGenerator.csproj", "{401F04A9-81BB-49D9-96BF-F00DF0798C83}"
EndProject
Global
	GlobalSection(SolutionConfigurationPlatforms) = preSolution
		Debug|Any CPU = Debug|Any CPU
		Release|Any CPU = Release|Any CPU
	EndGlobalSection
	GlobalSection(ProjectConfigurationPlatforms) = postSolution
		{03EFDE66-8A58-4287-AF9E-2E71830EECE9}.Debug|Any CPU.ActiveCfg = Debug|Any CPU
		{03EFDE66-8A58-4287-AF9E-2E71830EECE9}.Debug|Any CPU.Build.0 = Debug|Any CPU
		{03EFDE66-8A58-4287-AF9E-2E71830EECE9}.Release|Any CPU.ActiveCfg = Release|Any CPU
		{03EFDE66-8A58-4287-AF9E-2E71830EECE9}.Release|Any CPU.Build.0 = Release|Any CPU
		{FAD61E58-4FB1-40B1-9C69-4211C7CCD1D8}.Debug|Any CPU.ActiveCfg = Debug|Any CPU
		{FAD61E58-4FB1-40B1-9C69-4211C7CCD1D8}.Debug|Any CPU.Build.0 = Debug|Any CPU
		{FAD61E58-4FB1-40B1-9C69-4211C7CCD1D8}.Release|Any CPU.ActiveCfg = Release|Any CPU
		{FAD61E58-4FB1-40B1-9C69-4211C7CCD1D8}.Release|Any CPU.Build.0 = Release|Any CPU
		{853F472D-730D-43AF-A563-251FC0FEC88A}.Debug|Any CPU.ActiveCfg = Debug|Any CPU
		{853F472D-730D-43AF-A563-251FC0FEC88A}.Debug|Any CPU.Build.0 = Debug|Any CPU
		{853F472D-730D-43AF-A563-251FC0FEC88A}.Release|Any CPU.ActiveCfg = Release|Any CPU
		{853F472D-730D-43AF-A563-251FC0FEC88A}.Release|Any CPU.Build.0 = Release|Any CPU
		{401F04A9-81BB-49D9-96BF-F00DF0798C83}.Debug|Any CPU.ActiveCfg = Debug|Any CPU
		{401F04A9-81BB-49D9-96BF-F00DF0798C83}.Debug|Any CPU.Build.0 = Debug|Any CPU
		{401F04A9-81BB-49D9-96BF-F00DF0798C83}.Release|Any CPU.ActiveCfg = Release|Any CPU
		{401F04A9-81BB-49D9-96BF-F00DF0798C83}.Release|Any CPU.Build.0 = Release|Any CPU
	EndGlobalSection
	GlobalSection(SolutionProperties) = preSolution
		HideSolutionNode = FALSE
	EndGlobalSection
EndGlobal
